
Microsoft Visual Studio Solution File, Format Version 12.00
# Visual Studio Version 16
VisualStudioVersion = 16.0.30011.22
MinimumVisualStudioVersion = 10.0.40219.1
Project("{9A19103F-16F7-4668-BE54-9A1E7A4F7556}") = "MessageBoard", "MessageBoard\MessageBoard.csproj", "{B3CBA024-C98D-4D5B-8958-A6CD3C420DD2}"
EndProject
Project("{9A19103F-16F7-4668-BE54-9A1E7A4F7556}") = "Core", "Core\Core.csproj", "{A786B0B9-916C-42DB-8418-41A9BAEB3F6D}"
EndProject
Project("{9A19103F-16F7-4668-BE54-9A1E7A4F7556}") = "Infrastructure", "Infrastructure\Infrastructure.csproj", "{642DC764-1706-4743-8CC3-E91513DDAE76}"
EndProject
Project("{9A19103F-16F7-4668-BE54-9A1E7A4F7556}") = "InitDB", "InitDB\InitDB.csproj", "{2BC73768-8905-4E5C-BD1C-CA3B744C7CDA}"
EndProject
Project("{FAE04EC0-301F-11D3-BF4B-00C04F79EFBC}") = "Application", "Application\Application.csproj", "{DC0254DE-09C1-40F5-9B90-966E578C4979}"
EndProject
Project("{2150E333-8FDC-42A3-9474-1A3956D46DE8}") = "Solution Items", "Solution Items", "{28776318-5F5A-4D50-B8FB-64DE6922F8A4}"
	ProjectSection(SolutionItems) = preProject
		.gitignore = .gitignore
	EndProjectSection
EndProject
Global
	GlobalSection(SolutionConfigurationPlatforms) = preSolution
		Debug|Any CPU = Debug|Any CPU
		Release|Any CPU = Release|Any CPU
	EndGlobalSection
	GlobalSection(ProjectConfigurationPlatforms) = postSolution
		{B3CBA024-C98D-4D5B-8958-A6CD3C420DD2}.Debug|Any CPU.ActiveCfg = Debug|Any CPU
		{B3CBA024-C98D-4D5B-8958-A6CD3C420DD2}.Debug|Any CPU.Build.0 = Debug|Any CPU
		{B3CBA024-C98D-4D5B-8958-A6CD3C420DD2}.Release|Any CPU.ActiveCfg = Release|Any CPU
		{B3CBA024-C98D-4D5B-8958-A6CD3C420DD2}.Release|Any CPU.Build.0 = Release|Any CPU
		{A786B0B9-916C-42DB-8418-41A9BAEB3F6D}.Debug|Any CPU.ActiveCfg = Debug|Any CPU
		{A786B0B9-916C-42DB-8418-41A9BAEB3F6D}.Debug|Any CPU.Build.0 = Debug|Any CPU
		{A786B0B9-916C-42DB-8418-41A9BAEB3F6D}.Release|Any CPU.ActiveCfg = Release|Any CPU
		{A786B0B9-916C-42DB-8418-41A9BAEB3F6D}.Release|Any CPU.Build.0 = Release|Any CPU
		{642DC764-1706-4743-8CC3-E91513DDAE76}.Debug|Any CPU.ActiveCfg = Debug|Any CPU
		{642DC764-1706-4743-8CC3-E91513DDAE76}.Debug|Any CPU.Build.0 = Debug|Any CPU
		{642DC764-1706-4743-8CC3-E91513DDAE76}.Release|Any CPU.ActiveCfg = Release|Any CPU
		{642DC764-1706-4743-8CC3-E91513DDAE76}.Release|Any CPU.Build.0 = Release|Any CPU
		{2BC73768-8905-4E5C-BD1C-CA3B744C7CDA}.Debug|Any CPU.ActiveCfg = Debug|Any CPU
		{2BC73768-8905-4E5C-BD1C-CA3B744C7CDA}.Debug|Any CPU.Build.0 = Debug|Any CPU
		{2BC73768-8905-4E5C-BD1C-CA3B744C7CDA}.Release|Any CPU.ActiveCfg = Release|Any CPU
		{2BC73768-8905-4E5C-BD1C-CA3B744C7CDA}.Release|Any CPU.Build.0 = Release|Any CPU
		{DC0254DE-09C1-40F5-9B90-966E578C4979}.Debug|Any CPU.ActiveCfg = Debug|Any CPU
		{DC0254DE-09C1-40F5-9B90-966E578C4979}.Debug|Any CPU.Build.0 = Debug|Any CPU
		{DC0254DE-09C1-40F5-9B90-966E578C4979}.Release|Any CPU.ActiveCfg = Release|Any CPU
		{DC0254DE-09C1-40F5-9B90-966E578C4979}.Release|Any CPU.Build.0 = Release|Any CPU
	EndGlobalSection
	GlobalSection(SolutionProperties) = preSolution
		HideSolutionNode = FALSE
	EndGlobalSection
	GlobalSection(ExtensibilityGlobals) = postSolution
		SolutionGuid = {CDFDFD81-3111-4155-A3D1-CEB547495A57}
	EndGlobalSection
EndGlobal
